// !$*UTF8*$!
{
	archiveVersion = 1;
	classes = {
	};
	objectVersion = 50;
	objects = {

/* Begin PBXBuildFile section */
		57F321E2259DCBE500B85782 /* AppDelegate.m in Sources */ = {isa = PBXBuildFile; fileRef = 57F321E1259DCBE500B85782 /* AppDelegate.m */; };
		57F321E4259DCBE700B85782 /* Assets.xcassets in Resources */ = {isa = PBXBuildFile; fileRef = 57F321E3259DCBE700B85782 /* Assets.xcassets */; };
		57F321E7259DCBE700B85782 /* MainMenu.xib in Resources */ = {isa = PBXBuildFile; fileRef = 57F321E5259DCBE700B85782 /* MainMenu.xib */; };
		57F321EA259DCBE700B85782 /* main.m in Sources */ = {isa = PBXBuildFile; fileRef = 57F321E9259DCBE700B85782 /* main.m */; };
		57F321F4259DCC4400B85782 /* OurView.m in Sources */ = {isa = PBXBuildFile; fileRef = 57F321F3259DCC4400B85782 /* OurView.m */; };
		57F321FC259DCFBB00B85782 /* ssyy.jpeg in Resources */ = {isa = PBXBuildFile; fileRef = 57F321FB259DCFBB00B85782 /* ssyy.jpeg */; };
/* End PBXBuildFile section */

/* Begin PBXFileReference section */
		57F321DD259DCBE500B85782 /* ImageViewDemo.app */ = {isa = PBXFileReference; explicitFileType = wrapper.application; includeInIndex = 0; path = ImageViewDemo.app; sourceTree = BUILT_PRODUCTS_DIR; };
		57F321E0259DCBE500B85782 /* AppDelegate.h */ = {isa = PBXFileReference; lastKnownFileType = sourcecode.c.h; path = AppDelegate.h; sourceTree = "<group>"; };
		57F321E1259DCBE500B85782 /* AppDelegate.m */ = {isa = PBXFileReference; lastKnownFileType = sourcecode.c.objc; path = AppDelegate.m; sourceTree = "<group>"; };
		57F321E3259DCBE700B85782 /* Assets.xcassets */ = {isa = PBXFileReference; lastKnownFileType = folder.assetcatalog; path = Assets.xcassets; sourceTree = "<group>"; };
		57F321E6259DCBE700B85782 /* Base */ = {isa = PBXFileReference; lastKnownFileType = file.xib; name = Base; path = Base.lproj/MainMenu.xib; sourceTree = "<group>"; };
		57F321E8259DCBE700B85782 /* Info.plist */ = {isa = PBXFileReference; lastKnownFileType = text.plist.xml; path = Info.plist; sourceTree = "<group>"; };
		57F321E9259DCBE700B85782 /* main.m */ = {isa = PBXFileReference; lastKnownFileType = sourcecode.c.objc; path = main.m; sourceTree = "<group>"; };
		57F321EB259DCBE700B85782 /* ImageViewDemo.entitlements */ = {isa = PBXFileReference; lastKnownFileType = text.plist.entitlements; path = ImageViewDemo.entitlements; sourceTree = "<group>"; };
		57F321F2259DCC4400B85782 /* OurView.h */ = {isa = PBXFileReference; lastKnownFileType = sourcecode.c.h; path = OurView.h; sourceTree = "<group>"; };
		57F321F3259DCC4400B85782 /* OurView.m */ = {isa = PBXFileReference; lastKnownFileType = sourcecode.c.objc; path = OurView.m; sourceTree = "<group>"; };
		57F321FB259DCFBB00B85782 /* ssyy.jpeg */ = {isa = PBXFileReference; lastKnownFileType = image.jpeg; path = ssyy.jpeg; sourceTree = "<group>"; };
/* End PBXFileReference section */

/* Begin PBXFrameworksBuildPhase section */
		57F321DA259DCBE500B85782 /* Frameworks */ = {
			isa = PBXFrameworksBuildPhase;
			buildActionMask = 2147483647;
			files = (
			);
			runOnlyForDeploymentPostprocessing = 0;
		};
/* End PBXFrameworksBuildPhase section */

/* Begin PBXGroup section */
		57F321D4259DCBE500B85782 = {
			isa = PBXGroup;
			children = (
				57F321DF259DCBE500B85782 /* ImageViewDemo */,
				57F321DE259DCBE500B85782 /* Products */,
			);
			sourceTree = "<group>";
		};
		57F321DE259DCBE500B85782 /* Products */ = {
			isa = PBXGroup;
			children = (
				57F321DD259DCBE500B85782 /* ImageViewDemo.app */,
			);
			name = Products;
			sourceTree = "<group>";
		};
		57F321DF259DCBE500B85782 /* ImageViewDemo */ = {
			isa = PBXGroup;
			children = (
				57F321E0259DCBE500B85782 /* AppDelegate.h */,
				57F321E1259DCBE500B85782 /* AppDelegate.m */,
				57F321F2259DCC4400B85782 /* OurView.h */,
				57F321F3259DCC4400B85782 /* OurView.m */,
				57F321FB259DCFBB00B85782 /* ssyy.jpeg */,
				57F321E3259DCBE700B85782 /* Assets.xcassets */,
				57F321E5259DCBE700B85782 /* MainMenu.xib */,
				57F321E8259DCBE700B85782 /* Info.plist */,
				57F321E9259DCBE700B85782 /* main.m */,
				57F321EB259DCBE700B85782 /* ImageViewDemo.entitlements */,
			);
			path = ImageViewDemo;
			sourceTree = "<group>";
		};
/* End PBXGroup section */

/* Begin PBXNativeTarget section */
		57F321DC259DCBE500B85782 /* ImageViewDemo */ = {
			isa = PBXNativeTarget;
			buildConfigurationList = 57F321EE259DCBE700B85782 /* Build configuration list for PBXNativeTarget "ImageViewDemo" */;
			buildPhases = (
				57F321D9259DCBE500B85782 /* Sources */,
				57F321DA259DCBE500B85782 /* Frameworks */,
				57F321DB259DCBE500B85782 /* Resources */,
			);
			buildRules = (
			);
			dependencies = (
			);
			name = ImageViewDemo;
			productName = ImageViewDemo;
			productReference = 57F321DD259DCBE500B85782 /* ImageViewDemo.app */;
			productType = "com.apple.product-type.application";
		};
/* End PBXNativeTarget section */

/* Begin PBXProject section */
		57F321D5259DCBE500B85782 /* Project object */ = {
			isa = PBXProject;
			attributes = {
				LastUpgradeCheck = 1230;
				TargetAttributes = {
					57F321DC259DCBE500B85782 = {
						CreatedOnToolsVersion = 12.3;
					};
				};
			};
			buildConfigurationList = 57F321D8259DCBE500B85782 /* Build configuration list for PBXProject "ImageViewDemo" */;
			compatibilityVersion = "Xcode 9.3";
			developmentRegion = en;
			hasScannedForEncodings = 0;
			knownRegions = (
				en,
				Base,
			);
			mainGroup = 57F321D4259DCBE500B85782;
			productRefGroup = 57F321DE259DCBE500B85782 /* Products */;
			projectDirPath = "";
			projectRoot = "";
			targets = (
				57F321DC259DCBE500B85782 /* ImageViewDemo */,
			);
		};
/* End PBXProject section */

/* Begin PBXResourcesBuildPhase section */
		57F321DB259DCBE500B85782 /* Resources */ = {
			isa = PBXResourcesBuildPhase;
			buildActionMask = 2147483647;
			files = (
				57F321E4259DCBE700B85782 /* Assets.xcassets in Resources */,
				57F321FC259DCFBB00B85782 /* ssyy.jpeg in Resources */,
				57F321E7259DCBE700B85782 /* MainMenu.xib in Resources */,
			);
			runOnlyForDeploymentPostprocessing = 0;
		};
/* End PBXResourcesBuildPhase section */

/* Begin PBXSourcesBuildPhase section */
		57F321D9259DCBE500B85782 /* Sources */ = {
			isa = PBXSourcesBuildPhase;
			buildActionMask = 2147483647;
			files = (
				57F321EA259DCBE700B85782 /* main.m in Sources */,
				57F321E2259DCBE500B85782 /* AppDelegate.m in Sources */,
				57F321F4259DCC4400B85782 /* OurView.m in Sources */,
			);
			runOnlyForDeploymentPostprocessing = 0;
		};
/* End PBXSourcesBuildPhase section */

/* Begin PBXVariantGroup section */
		57F321E5259DCBE700B85782 /* MainMenu.xib */ = {
			isa = PBXVariantGroup;
			children = (
				57F321E6259DCBE700B85782 /* Base */,
			);
			name = MainMenu.xib;
			sourceTree = "<group>";
		};
/* End PBXVariantGroup section */

/* Begin XCBuildConfiguration section */
		57F321EC259DCBE700B85782 /* Debug */ = {
			isa = XCBuildConfiguration;
			buildSettings = {
				ALWAYS_SEARCH_USER_PATHS = NO;
				CLANG_ANALYZER_NONNULL = YES;
				CLANG_ANALYZER_NUMBER_OBJECT_CONVERSION = YES_AGGRESSIVE;
				CLANG_CXX_LANGUAGE_STANDARD = "gnu++14";
				CLANG_CXX_LIBRARY = "libc++";
				CLANG_ENABLE_MODULES = YES;
				CLANG_ENABLE_OBJC_ARC = YES;
				CLANG_ENABLE_OBJC_WEAK = YES;
				CLANG_WARN_BLOCK_CAPTURE_AUTORELEASING = YES;
				CLANG_WARN_BOOL_CONVERSION = YES;
				CLANG_WARN_COMMA = YES;
				CLANG_WARN_CONSTANT_CONVERSION = YES;
				CLANG_WARN_DEPRECATED_OBJC_IMPLEMENTATIONS = YES;
				CLANG_WARN_DIRECT_OBJC_ISA_USAGE = YES_ERROR;
				CLANG_WARN_DOCUMENTATION_COMMENTS = YES;
				CLANG_WARN_EMPTY_BODY = YES;
				CLANG_WARN_ENUM_CONVERSION = YES;
				CLANG_WARN_INFINITE_RECURSION = YES;
				CLANG_WARN_INT_CONVERSION = YES;
				CLANG_WARN_NON_LITERAL_NULL_CONVERSION = YES;
				CLANG_WARN_OBJC_IMPLICIT_RETAIN_SELF = YES;
				CLANG_WARN_OBJC_LITERAL_CONVERSION = YES;
				CLANG_WARN_OBJC_ROOT_CLASS = YES_ERROR;
				CLANG_WARN_QUOTED_INCLUDE_IN_FRAMEWORK_HEADER = YES;
				CLANG_WARN_RANGE_LOOP_ANALYSIS = YES;
				CLANG_WARN_STRICT_PROTOTYPES = YES;
				CLANG_WARN_SUSPICIOUS_MOVE = YES;
				CLANG_WARN_UNGUARDED_AVAILABILITY = YES_AGGRESSIVE;
				CLANG_WARN_UNREACHABLE_CODE = YES;
				CLANG_WARN__DUPLICATE_METHOD_MATCH = YES;
				COPY_PHASE_STRIP = NO;
				DEBUG_INFORMATION_FORMAT = dwarf;
				ENABLE_STRICT_OBJC_MSGSEND = YES;
				ENABLE_TESTABILITY = YES;
				GCC_C_LANGUAGE_STANDARD = gnu11;
				GCC_DYNAMIC_NO_PIC = NO;
				GCC_NO_COMMON_BLOCKS = YES;
				GCC_OPTIMIZATION_LEVEL = 0;
				GCC_PREPROCESSOR_DEFINITIONS = (
					"DEBUG=1",
					"$(inherited)",
				);
				GCC_WARN_64_TO_32_BIT_CONVERSION = YES;
				GCC_WARN_ABOUT_RETURN_TYPE = YES_ERROR;
				GCC_WARN_UNDECLARED_SELECTOR = YES;
				GCC_WARN_UNINITIALIZED_AUTOS = YES_AGGRESSIVE;
				GCC_WARN_UNUSED_FUNCTION = YES;
				GCC_WARN_UNUSED_VARIABLE = YES;
				MACOSX_DEPLOYMENT_TARGET = 11.1;
				MTL_ENABLE_DEBUG_INFO = INCLUDE_SOURCE;
				MTL_FAST_MATH = YES;
				ONLY_ACTIVE_ARCH = YES;
				SDKROOT = macosx;
			};
			name = Debug;
		};
		57F321ED259DCBE700B85782 /* Release */ = {
			isa = XCBuildConfiguration;
			buildSettings = {
				ALWAYS_SEARCH_USER_PATHS = NO;
				CLANG_ANALYZER_NONNULL = YES;
				CLANG_ANALYZER_NUMBER_OBJECT_CONVERSION = YES_AGGRESSIVE;
				CLANG_CXX_LANGUAGE_STANDARD = "gnu++14";
				CLANG_CXX_LIBRARY = "libc++";
				CLANG_ENABLE_MODULES = YES;
				CLANG_ENABLE_OBJC_ARC = YES;
				CLANG_ENABLE_OBJC_WEAK = YES;
				CLANG_WARN_BLOCK_CAPTURE_AUTORELEASING = YES;
				CLANG_WARN_BOOL_CONVERSION = YES;
				CLANG_WARN_COMMA = YES;
				CLANG_WARN_CONSTANT_CONVERSION = YES;
				CLANG_WARN_DEPRECATED_OBJC_IMPLEMENTATIONS = YES;
				CLANG_WARN_DIRECT_OBJC_ISA_USAGE = YES_ERROR;
				CLANG_WARN_DOCUMENTATION_COMMENTS = YES;
				CLANG_WARN_EMPTY_BODY = YES;
				CLANG_WARN_ENUM_CONVERSION = YES;
				CLANG_WARN_INFINITE_RECURSION = YES;
				CLANG_WARN_INT_CONVERSION = YES;
				CLANG_WARN_NON_LITERAL_NULL_CONVERSION = YES;
				CLANG_WARN_OBJC_IMPLICIT_RETAIN_SELF = YES;
				CLANG_WARN_OBJC_LITERAL_CONVERSION = YES;
				CLANG_WARN_OBJC_ROOT_CLASS = YES_ERROR;
				CLANG_WARN_QUOTED_INCLUDE_IN_FRAMEWORK_HEADER = YES;
				CLANG_WARN_RANGE_LOOP_ANALYSIS = YES;
				CLANG_WARN_STRICT_PROTOTYPES = YES;
				CLANG_WARN_SUSPICIOUS_MOVE = YES;
				CLANG_WARN_UNGUARDED_AVAILABILITY = YES_AGGRESSIVE;
				CLANG_WARN_UNREACHABLE_CODE = YES;
				CLANG_WARN__DUPLICATE_METHOD_MATCH = YES;
				COPY_PHASE_STRIP = NO;
				DEBUG_INFORMATION_FORMAT = "dwarf-with-dsym";
				ENABLE_NS_ASSERTIONS = NO;
				ENABLE_STRICT_OBJC_MSGSEND = YES;
				GCC_C_LANGUAGE_STANDARD = gnu11;
				GCC_NO_COMMON_BLOCKS = YES;
				GCC_WARN_64_TO_32_BIT_CONVERSION = YES;
				GCC_WARN_ABOUT_RETURN_TYPE = YES_ERROR;
				GCC_WARN_UNDECLARED_SELECTOR = YES;
				GCC_WARN_UNINITIALIZED_AUTOS = YES_AGGRESSIVE;
				GCC_WARN_UNUSED_FUNCTION = YES;
				GCC_WARN_UNUSED_VARIABLE = YES;
				MACOSX_DEPLOYMENT_TARGET = 11.1;
				MTL_ENABLE_DEBUG_INFO = NO;
				MTL_FAST_MATH = YES;
				SDKROOT = macosx;
			};
			name = Release;
		};
		57F321EF259DCBE700B85782 /* Debug */ = {
			isa = XCBuildConfiguration;
			buildSettings = {
				ASSETCATALOG_COMPILER_APPICON_NAME = AppIcon;
				ASSETCATALOG_COMPILER_GLOBAL_ACCENT_COLOR_NAME = AccentColor;
				CODE_SIGN_ENTITLEMENTS = ImageViewDemo/ImageViewDemo.entitlements;
				CODE_SIGN_STYLE = Automatic;
				COMBINE_HIDPI_IMAGES = YES;
				INFOPLIST_FILE = ImageViewDemo/Info.plist;
				LD_RUNPATH_SEARCH_PATHS = (
					"$(inherited)",
					"@executable_path/../Frameworks",
				);
				PRODUCT_BUNDLE_IDENTIFIER = com.angieMita.ImageViewDemo;
				PRODUCT_NAME = "$(TARGET_NAME)";
			};
			name = Debug;
		};
		57F321F0259DCBE700B85782 /* Release */ = {
			isa = XCBuildConfiguration;
			buildSettings = {
				ASSETCATALOG_COMPILER_APPICON_NAME = AppIcon;
				ASSETCATALOG_COMPILER_GLOBAL_ACCENT_COLOR_NAME = AccentColor;
				CODE_SIGN_ENTITLEMENTS = ImageViewDemo/ImageViewDemo.entitlements;
				CODE_SIGN_STYLE = Automatic;
				COMBINE_HIDPI_IMAGES = YES;
				INFOPLIST_FILE = ImageViewDemo/Info.plist;
				LD_RUNPATH_SEARCH_PATHS = (
					"$(inherited)",
					"@executable_path/../Frameworks",
				);
				PRODUCT_BUNDLE_IDENTIFIER = com.angieMita.ImageViewDemo;
				PRODUCT_NAME = "$(TARGET_NAME)";
			};
			name = Release;
		};
/* End XCBuildConfiguration section */

/* Begin XCConfigurationList section */
		57F321D8259DCBE500B85782 /* Build configuration list for PBXProject "ImageViewDemo" */ = {
			isa = XCConfigurationList;
			buildConfigurations = (
				57F321EC259DCBE700B85782 /* Debug */,
				57F321ED259DCBE700B85782 /* Release */,
			);
			defaultConfigurationIsVisible = 0;
			defaultConfigurationName = Release;
		};
		57F321EE259DCBE700B85782 /* Build configuration list for PBXNativeTarget "ImageViewDemo" */ = {
			isa = XCConfigurationList;
			buildConfigurations = (
				57F321EF259DCBE700B85782 /* Debug */,
				57F321F0259DCBE700B85782 /* Release */,
			);
			defaultConfigurationIsVisible = 0;
			defaultConfigurationName = Release;
		};
/* End XCConfigurationList section */
	};
	rootObject = 57F321D5259DCBE500B85782 /* Project object */;
}
