// !$*UTF8*$!
{
	archiveVersion = 1;
	classes = {
	};
	objectVersion = 50;
	objects = {

/* Begin PBXBuildFile section */
		575779CC25A2A81C00E90665 /* AppDelegate.m in Sources */ = {isa = PBXBuildFile; fileRef = 575779CB25A2A81C00E90665 /* AppDelegate.m */; };
		575779CE25A2A81E00E90665 /* Assets.xcassets in Resources */ = {isa = PBXBuildFile; fileRef = 575779CD25A2A81E00E90665 /* Assets.xcassets */; };
		575779D125A2A81E00E90665 /* MainMenu.xib in Resources */ = {isa = PBXBuildFile; fileRef = 575779CF25A2A81E00E90665 /* MainMenu.xib */; };
		575779D425A2A81E00E90665 /* main.m in Sources */ = {isa = PBXBuildFile; fileRef = 575779D325A2A81E00E90665 /* main.m */; };
		575779DE25A2AB9500E90665 /* AppController.m in Sources */ = {isa = PBXBuildFile; fileRef = 575779DD25A2AB9500E90665 /* AppController.m */; };
/* End PBXBuildFile section */

/* Begin PBXFileReference section */
		575779C725A2A81C00E90665 /* Menutems.app */ = {isa = PBXFileReference; explicitFileType = wrapper.application; includeInIndex = 0; path = Menutems.app; sourceTree = BUILT_PRODUCTS_DIR; };
		575779CA25A2A81C00E90665 /* AppDelegate.h */ = {isa = PBXFileReference; lastKnownFileType = sourcecode.c.h; path = AppDelegate.h; sourceTree = "<group>"; };
		575779CB25A2A81C00E90665 /* AppDelegate.m */ = {isa = PBXFileReference; lastKnownFileType = sourcecode.c.objc; path = AppDelegate.m; sourceTree = "<group>"; };
		575779CD25A2A81E00E90665 /* Assets.xcassets */ = {isa = PBXFileReference; lastKnownFileType = folder.assetcatalog; path = Assets.xcassets; sourceTree = "<group>"; };
		575779D025A2A81E00E90665 /* Base */ = {isa = PBXFileReference; lastKnownFileType = file.xib; name = Base; path = Base.lproj/MainMenu.xib; sourceTree = "<group>"; };
		575779D225A2A81E00E90665 /* Info.plist */ = {isa = PBXFileReference; lastKnownFileType = text.plist.xml; path = Info.plist; sourceTree = "<group>"; };
		575779D325A2A81E00E90665 /* main.m */ = {isa = PBXFileReference; lastKnownFileType = sourcecode.c.objc; path = main.m; sourceTree = "<group>"; };
		575779D525A2A81E00E90665 /* Menutems.entitlements */ = {isa = PBXFileReference; lastKnownFileType = text.plist.entitlements; path = Menutems.entitlements; sourceTree = "<group>"; };
		575779DC25A2AB9500E90665 /* AppController.h */ = {isa = PBXFileReference; lastKnownFileType = sourcecode.c.h; path = AppController.h; sourceTree = "<group>"; };
		575779DD25A2AB9500E90665 /* AppController.m */ = {isa = PBXFileReference; lastKnownFileType = sourcecode.c.objc; path = AppController.m; sourceTree = "<group>"; };
/* End PBXFileReference section */

/* Begin PBXFrameworksBuildPhase section */
		575779C425A2A81C00E90665 /* Frameworks */ = {
			isa = PBXFrameworksBuildPhase;
			buildActionMask = 2147483647;
			files = (
			);
			runOnlyForDeploymentPostprocessing = 0;
		};
/* End PBXFrameworksBuildPhase section */

/* Begin PBXGroup section */
		575779BE25A2A81B00E90665 = {
			isa = PBXGroup;
			children = (
				575779C925A2A81C00E90665 /* Menutems */,
				575779C825A2A81C00E90665 /* Products */,
			);
			sourceTree = "<group>";
		};
		575779C825A2A81C00E90665 /* Products */ = {
			isa = PBXGroup;
			children = (
				575779C725A2A81C00E90665 /* Menutems.app */,
			);
			name = Products;
			sourceTree = "<group>";
		};
		575779C925A2A81C00E90665 /* Menutems */ = {
			isa = PBXGroup;
			children = (
				575779CA25A2A81C00E90665 /* AppDelegate.h */,
				575779CB25A2A81C00E90665 /* AppDelegate.m */,
				575779DC25A2AB9500E90665 /* AppController.h */,
				575779DD25A2AB9500E90665 /* AppController.m */,
				575779CD25A2A81E00E90665 /* Assets.xcassets */,
				575779CF25A2A81E00E90665 /* MainMenu.xib */,
				575779D225A2A81E00E90665 /* Info.plist */,
				575779D325A2A81E00E90665 /* main.m */,
				575779D525A2A81E00E90665 /* Menutems.entitlements */,
			);
			path = Menutems;
			sourceTree = "<group>";
		};
/* End PBXGroup section */

/* Begin PBXNativeTarget section */
		575779C625A2A81C00E90665 /* Menutems */ = {
			isa = PBXNativeTarget;
			buildConfigurationList = 575779D825A2A81E00E90665 /* Build configuration list for PBXNativeTarget "Menutems" */;
			buildPhases = (
				575779C325A2A81C00E90665 /* Sources */,
				575779C425A2A81C00E90665 /* Frameworks */,
				575779C525A2A81C00E90665 /* Resources */,
			);
			buildRules = (
			);
			dependencies = (
			);
			name = Menutems;
			productName = Menutems;
			productReference = 575779C725A2A81C00E90665 /* Menutems.app */;
			productType = "com.apple.product-type.application";
		};
/* End PBXNativeTarget section */

/* Begin PBXProject section */
		575779BF25A2A81B00E90665 /* Project object */ = {
			isa = PBXProject;
			attributes = {
				LastUpgradeCheck = 1230;
				TargetAttributes = {
					575779C625A2A81C00E90665 = {
						CreatedOnToolsVersion = 12.3;
					};
				};
			};
			buildConfigurationList = 575779C225A2A81B00E90665 /* Build configuration list for PBXProject "Menutems" */;
			compatibilityVersion = "Xcode 9.3";
			developmentRegion = en;
			hasScannedForEncodings = 0;
			knownRegions = (
				en,
				Base,
			);
			mainGroup = 575779BE25A2A81B00E90665;
			productRefGroup = 575779C825A2A81C00E90665 /* Products */;
			projectDirPath = "";
			projectRoot = "";
			targets = (
				575779C625A2A81C00E90665 /* Menutems */,
			);
		};
/* End PBXProject section */

/* Begin PBXResourcesBuildPhase section */
		575779C525A2A81C00E90665 /* Resources */ = {
			isa = PBXResourcesBuildPhase;
			buildActionMask = 2147483647;
			files = (
				575779CE25A2A81E00E90665 /* Assets.xcassets in Resources */,
				575779D125A2A81E00E90665 /* MainMenu.xib in Resources */,
			);
			runOnlyForDeploymentPostprocessing = 0;
		};
/* End PBXResourcesBuildPhase section */

/* Begin PBXSourcesBuildPhase section */
		575779C325A2A81C00E90665 /* Sources */ = {
			isa = PBXSourcesBuildPhase;
			buildActionMask = 2147483647;
			files = (
				575779D425A2A81E00E90665 /* main.m in Sources */,
				575779DE25A2AB9500E90665 /* AppController.m in Sources */,
				575779CC25A2A81C00E90665 /* AppDelegate.m in Sources */,
			);
			runOnlyForDeploymentPostprocessing = 0;
		};
/* End PBXSourcesBuildPhase section */

/* Begin PBXVariantGroup section */
		575779CF25A2A81E00E90665 /* MainMenu.xib */ = {
			isa = PBXVariantGroup;
			children = (
				575779D025A2A81E00E90665 /* Base */,
			);
			name = MainMenu.xib;
			sourceTree = "<group>";
		};
/* End PBXVariantGroup section */

/* Begin XCBuildConfiguration section */
		575779D625A2A81E00E90665 /* Debug */ = {
			isa = XCBuildConfiguration;
			buildSettings = {
				ALWAYS_SEARCH_USER_PATHS = NO;
				CLANG_ANALYZER_NONNULL = YES;
				CLANG_ANALYZER_NUMBER_OBJECT_CONVERSION = YES_AGGRESSIVE;
				CLANG_CXX_LANGUAGE_STANDARD = "gnu++14";
				CLANG_CXX_LIBRARY = "libc++";
				CLANG_ENABLE_MODULES = YES;
				CLANG_ENABLE_OBJC_ARC = YES;
				CLANG_ENABLE_OBJC_WEAK = YES;
				CLANG_WARN_BLOCK_CAPTURE_AUTORELEASING = YES;
				CLANG_WARN_BOOL_CONVERSION = YES;
				CLANG_WARN_COMMA = YES;
				CLANG_WARN_CONSTANT_CONVERSION = YES;
				CLANG_WARN_DEPRECATED_OBJC_IMPLEMENTATIONS = YES;
				CLANG_WARN_DIRECT_OBJC_ISA_USAGE = YES_ERROR;
				CLANG_WARN_DOCUMENTATION_COMMENTS = YES;
				CLANG_WARN_EMPTY_BODY = YES;
				CLANG_WARN_ENUM_CONVERSION = YES;
				CLANG_WARN_INFINITE_RECURSION = YES;
				CLANG_WARN_INT_CONVERSION = YES;
				CLANG_WARN_NON_LITERAL_NULL_CONVERSION = YES;
				CLANG_WARN_OBJC_IMPLICIT_RETAIN_SELF = YES;
				CLANG_WARN_OBJC_LITERAL_CONVERSION = YES;
				CLANG_WARN_OBJC_ROOT_CLASS = YES_ERROR;
				CLANG_WARN_QUOTED_INCLUDE_IN_FRAMEWORK_HEADER = YES;
				CLANG_WARN_RANGE_LOOP_ANALYSIS = YES;
				CLANG_WARN_STRICT_PROTOTYPES = YES;
				CLANG_WARN_SUSPICIOUS_MOVE = YES;
				CLANG_WARN_UNGUARDED_AVAILABILITY = YES_AGGRESSIVE;
				CLANG_WARN_UNREACHABLE_CODE = YES;
				CLANG_WARN__DUPLICATE_METHOD_MATCH = YES;
				COPY_PHASE_STRIP = NO;
				DEBUG_INFORMATION_FORMAT = dwarf;
				ENABLE_STRICT_OBJC_MSGSEND = YES;
				ENABLE_TESTABILITY = YES;
				GCC_C_LANGUAGE_STANDARD = gnu11;
				GCC_DYNAMIC_NO_PIC = NO;
				GCC_NO_COMMON_BLOCKS = YES;
				GCC_OPTIMIZATION_LEVEL = 0;
				GCC_PREPROCESSOR_DEFINITIONS = (
					"DEBUG=1",
					"$(inherited)",
				);
				GCC_WARN_64_TO_32_BIT_CONVERSION = YES;
				GCC_WARN_ABOUT_RETURN_TYPE = YES_ERROR;
				GCC_WARN_UNDECLARED_SELECTOR = YES;
				GCC_WARN_UNINITIALIZED_AUTOS = YES_AGGRESSIVE;
				GCC_WARN_UNUSED_FUNCTION = YES;
				GCC_WARN_UNUSED_VARIABLE = YES;
				MACOSX_DEPLOYMENT_TARGET = 11.1;
				MTL_ENABLE_DEBUG_INFO = INCLUDE_SOURCE;
				MTL_FAST_MATH = YES;
				ONLY_ACTIVE_ARCH = YES;
				SDKROOT = macosx;
			};
			name = Debug;
		};
		575779D725A2A81E00E90665 /* Release */ = {
			isa = XCBuildConfiguration;
			buildSettings = {
				ALWAYS_SEARCH_USER_PATHS = NO;
				CLANG_ANALYZER_NONNULL = YES;
				CLANG_ANALYZER_NUMBER_OBJECT_CONVERSION = YES_AGGRESSIVE;
				CLANG_CXX_LANGUAGE_STANDARD = "gnu++14";
				CLANG_CXX_LIBRARY = "libc++";
				CLANG_ENABLE_MODULES = YES;
				CLANG_ENABLE_OBJC_ARC = YES;
				CLANG_ENABLE_OBJC_WEAK = YES;
				CLANG_WARN_BLOCK_CAPTURE_AUTORELEASING = YES;
				CLANG_WARN_BOOL_CONVERSION = YES;
				CLANG_WARN_COMMA = YES;
				CLANG_WARN_CONSTANT_CONVERSION = YES;
				CLANG_WARN_DEPRECATED_OBJC_IMPLEMENTATIONS = YES;
				CLANG_WARN_DIRECT_OBJC_ISA_USAGE = YES_ERROR;
				CLANG_WARN_DOCUMENTATION_COMMENTS = YES;
				CLANG_WARN_EMPTY_BODY = YES;
				CLANG_WARN_ENUM_CONVERSION = YES;
				CLANG_WARN_INFINITE_RECURSION = YES;
				CLANG_WARN_INT_CONVERSION = YES;
				CLANG_WARN_NON_LITERAL_NULL_CONVERSION = YES;
				CLANG_WARN_OBJC_IMPLICIT_RETAIN_SELF = YES;
				CLANG_WARN_OBJC_LITERAL_CONVERSION = YES;
				CLANG_WARN_OBJC_ROOT_CLASS = YES_ERROR;
				CLANG_WARN_QUOTED_INCLUDE_IN_FRAMEWORK_HEADER = YES;
				CLANG_WARN_RANGE_LOOP_ANALYSIS = YES;
				CLANG_WARN_STRICT_PROTOTYPES = YES;
				CLANG_WARN_SUSPICIOUS_MOVE = YES;
				CLANG_WARN_UNGUARDED_AVAILABILITY = YES_AGGRESSIVE;
				CLANG_WARN_UNREACHABLE_CODE = YES;
				CLANG_WARN__DUPLICATE_METHOD_MATCH = YES;
				COPY_PHASE_STRIP = NO;
				DEBUG_INFORMATION_FORMAT = "dwarf-with-dsym";
				ENABLE_NS_ASSERTIONS = NO;
				ENABLE_STRICT_OBJC_MSGSEND = YES;
				GCC_C_LANGUAGE_STANDARD = gnu11;
				GCC_NO_COMMON_BLOCKS = YES;
				GCC_WARN_64_TO_32_BIT_CONVERSION = YES;
				GCC_WARN_ABOUT_RETURN_TYPE = YES_ERROR;
				GCC_WARN_UNDECLARED_SELECTOR = YES;
				GCC_WARN_UNINITIALIZED_AUTOS = YES_AGGRESSIVE;
				GCC_WARN_UNUSED_FUNCTION = YES;
				GCC_WARN_UNUSED_VARIABLE = YES;
				MACOSX_DEPLOYMENT_TARGET = 11.1;
				MTL_ENABLE_DEBUG_INFO = NO;
				MTL_FAST_MATH = YES;
				SDKROOT = macosx;
			};
			name = Release;
		};
		575779D925A2A81E00E90665 /* Debug */ = {
			isa = XCBuildConfiguration;
			buildSettings = {
				ASSETCATALOG_COMPILER_APPICON_NAME = AppIcon;
				ASSETCATALOG_COMPILER_GLOBAL_ACCENT_COLOR_NAME = AccentColor;
				CODE_SIGN_ENTITLEMENTS = Menutems/Menutems.entitlements;
				CODE_SIGN_STYLE = Automatic;
				COMBINE_HIDPI_IMAGES = YES;
				INFOPLIST_FILE = Menutems/Info.plist;
				LD_RUNPATH_SEARCH_PATHS = (
					"$(inherited)",
					"@executable_path/../Frameworks",
				);
				PRODUCT_BUNDLE_IDENTIFIER = com.angieMita.Menutems;
				PRODUCT_NAME = "$(TARGET_NAME)";
			};
			name = Debug;
		};
		575779DA25A2A81E00E90665 /* Release */ = {
			isa = XCBuildConfiguration;
			buildSettings = {
				ASSETCATALOG_COMPILER_APPICON_NAME = AppIcon;
				ASSETCATALOG_COMPILER_GLOBAL_ACCENT_COLOR_NAME = AccentColor;
				CODE_SIGN_ENTITLEMENTS = Menutems/Menutems.entitlements;
				CODE_SIGN_STYLE = Automatic;
				COMBINE_HIDPI_IMAGES = YES;
				INFOPLIST_FILE = Menutems/Info.plist;
				LD_RUNPATH_SEARCH_PATHS = (
					"$(inherited)",
					"@executable_path/../Frameworks",
				);
				PRODUCT_BUNDLE_IDENTIFIER = com.angieMita.Menutems;
				PRODUCT_NAME = "$(TARGET_NAME)";
			};
			name = Release;
		};
/* End XCBuildConfiguration section */

/* Begin XCConfigurationList section */
		575779C225A2A81B00E90665 /* Build configuration list for PBXProject "Menutems" */ = {
			isa = XCConfigurationList;
			buildConfigurations = (
				575779D625A2A81E00E90665 /* Debug */,
				575779D725A2A81E00E90665 /* Release */,
			);
			defaultConfigurationIsVisible = 0;
			defaultConfigurationName = Release;
		};
		575779D825A2A81E00E90665 /* Build configuration list for PBXNativeTarget "Menutems" */ = {
			isa = XCConfigurationList;
			buildConfigurations = (
				575779D925A2A81E00E90665 /* Debug */,
				575779DA25A2A81E00E90665 /* Release */,
			);
			defaultConfigurationIsVisible = 0;
			defaultConfigurationName = Release;
		};
/* End XCConfigurationList section */
	};
	rootObject = 575779BF25A2A81B00E90665 /* Project object */;
}
