// !$*UTF8*$!
{
	archiveVersion = 1;
	classes = {
	};
	objectVersion = 50;
	objects = {

/* Begin PBXBuildFile section */
		57889A6825A85D4700877261 /* AppDelegate.m in Sources */ = {isa = PBXBuildFile; fileRef = 57889A6725A85D4700877261 /* AppDelegate.m */; };
		57889A6A25A85D4900877261 /* Assets.xcassets in Resources */ = {isa = PBXBuildFile; fileRef = 57889A6925A85D4900877261 /* Assets.xcassets */; };
		57889A6D25A85D4900877261 /* MainMenu.xib in Resources */ = {isa = PBXBuildFile; fileRef = 57889A6B25A85D4900877261 /* MainMenu.xib */; };
		57889A7025A85D4900877261 /* main.m in Sources */ = {isa = PBXBuildFile; fileRef = 57889A6F25A85D4900877261 /* main.m */; };
		57889A7B25A85E0000877261 /* MainWindowController.m in Sources */ = {isa = PBXBuildFile; fileRef = 57889A7925A85E0000877261 /* MainWindowController.m */; };
		57889A7C25A85E0000877261 /* MainWindowController.xib in Resources */ = {isa = PBXBuildFile; fileRef = 57889A7A25A85E0000877261 /* MainWindowController.xib */; };
		57889A8025A85F4E00877261 /* GeneratePassword.m in Sources */ = {isa = PBXBuildFile; fileRef = 57889A7F25A85F4E00877261 /* GeneratePassword.m */; };
/* End PBXBuildFile section */

/* Begin PBXFileReference section */
		57889A6325A85D4700877261 /* RandomPassword.app */ = {isa = PBXFileReference; explicitFileType = wrapper.application; includeInIndex = 0; path = RandomPassword.app; sourceTree = BUILT_PRODUCTS_DIR; };
		57889A6625A85D4700877261 /* AppDelegate.h */ = {isa = PBXFileReference; lastKnownFileType = sourcecode.c.h; path = AppDelegate.h; sourceTree = "<group>"; };
		57889A6725A85D4700877261 /* AppDelegate.m */ = {isa = PBXFileReference; lastKnownFileType = sourcecode.c.objc; path = AppDelegate.m; sourceTree = "<group>"; };
		57889A6925A85D4900877261 /* Assets.xcassets */ = {isa = PBXFileReference; lastKnownFileType = folder.assetcatalog; path = Assets.xcassets; sourceTree = "<group>"; };
		57889A6C25A85D4900877261 /* Base */ = {isa = PBXFileReference; lastKnownFileType = file.xib; name = Base; path = Base.lproj/MainMenu.xib; sourceTree = "<group>"; };
		57889A6E25A85D4900877261 /* Info.plist */ = {isa = PBXFileReference; lastKnownFileType = text.plist.xml; path = Info.plist; sourceTree = "<group>"; };
		57889A6F25A85D4900877261 /* main.m */ = {isa = PBXFileReference; lastKnownFileType = sourcecode.c.objc; path = main.m; sourceTree = "<group>"; };
		57889A7125A85D4900877261 /* RandomPassword.entitlements */ = {isa = PBXFileReference; lastKnownFileType = text.plist.entitlements; path = RandomPassword.entitlements; sourceTree = "<group>"; };
		57889A7825A85E0000877261 /* MainWindowController.h */ = {isa = PBXFileReference; lastKnownFileType = sourcecode.c.h; path = MainWindowController.h; sourceTree = "<group>"; };
		57889A7925A85E0000877261 /* MainWindowController.m */ = {isa = PBXFileReference; lastKnownFileType = sourcecode.c.objc; path = MainWindowController.m; sourceTree = "<group>"; };
		57889A7A25A85E0000877261 /* MainWindowController.xib */ = {isa = PBXFileReference; lastKnownFileType = file.xib; path = MainWindowController.xib; sourceTree = "<group>"; };
		57889A7E25A85F4E00877261 /* GeneratePassword.h */ = {isa = PBXFileReference; lastKnownFileType = sourcecode.c.h; path = GeneratePassword.h; sourceTree = "<group>"; };
		57889A7F25A85F4E00877261 /* GeneratePassword.m */ = {isa = PBXFileReference; lastKnownFileType = sourcecode.c.objc; path = GeneratePassword.m; sourceTree = "<group>"; };
/* End PBXFileReference section */

/* Begin PBXFrameworksBuildPhase section */
		57889A6025A85D4700877261 /* Frameworks */ = {
			isa = PBXFrameworksBuildPhase;
			buildActionMask = 2147483647;
			files = (
			);
			runOnlyForDeploymentPostprocessing = 0;
		};
/* End PBXFrameworksBuildPhase section */

/* Begin PBXGroup section */
		57889A5A25A85D4700877261 = {
			isa = PBXGroup;
			children = (
				57889A6525A85D4700877261 /* RandomPassword */,
				57889A6425A85D4700877261 /* Products */,
			);
			sourceTree = "<group>";
		};
		57889A6425A85D4700877261 /* Products */ = {
			isa = PBXGroup;
			children = (
				57889A6325A85D4700877261 /* RandomPassword.app */,
			);
			name = Products;
			sourceTree = "<group>";
		};
		57889A6525A85D4700877261 /* RandomPassword */ = {
			isa = PBXGroup;
			children = (
				57889A6625A85D4700877261 /* AppDelegate.h */,
				57889A6725A85D4700877261 /* AppDelegate.m */,
				57889A7825A85E0000877261 /* MainWindowController.h */,
				57889A7925A85E0000877261 /* MainWindowController.m */,
				57889A7A25A85E0000877261 /* MainWindowController.xib */,
				57889A7E25A85F4E00877261 /* GeneratePassword.h */,
				57889A7F25A85F4E00877261 /* GeneratePassword.m */,
				57889A6925A85D4900877261 /* Assets.xcassets */,
				57889A6B25A85D4900877261 /* MainMenu.xib */,
				57889A6E25A85D4900877261 /* Info.plist */,
				57889A6F25A85D4900877261 /* main.m */,
				57889A7125A85D4900877261 /* RandomPassword.entitlements */,
			);
			path = RandomPassword;
			sourceTree = "<group>";
		};
/* End PBXGroup section */

/* Begin PBXNativeTarget section */
		57889A6225A85D4700877261 /* RandomPassword */ = {
			isa = PBXNativeTarget;
			buildConfigurationList = 57889A7425A85D4900877261 /* Build configuration list for PBXNativeTarget "RandomPassword" */;
			buildPhases = (
				57889A5F25A85D4700877261 /* Sources */,
				57889A6025A85D4700877261 /* Frameworks */,
				57889A6125A85D4700877261 /* Resources */,
			);
			buildRules = (
			);
			dependencies = (
			);
			name = RandomPassword;
			productName = RandomPassword;
			productReference = 57889A6325A85D4700877261 /* RandomPassword.app */;
			productType = "com.apple.product-type.application";
		};
/* End PBXNativeTarget section */

/* Begin PBXProject section */
		57889A5B25A85D4700877261 /* Project object */ = {
			isa = PBXProject;
			attributes = {
				LastUpgradeCheck = 1230;
				TargetAttributes = {
					57889A6225A85D4700877261 = {
						CreatedOnToolsVersion = 12.3;
					};
				};
			};
			buildConfigurationList = 57889A5E25A85D4700877261 /* Build configuration list for PBXProject "RandomPassword" */;
			compatibilityVersion = "Xcode 9.3";
			developmentRegion = en;
			hasScannedForEncodings = 0;
			knownRegions = (
				en,
				Base,
			);
			mainGroup = 57889A5A25A85D4700877261;
			productRefGroup = 57889A6425A85D4700877261 /* Products */;
			projectDirPath = "";
			projectRoot = "";
			targets = (
				57889A6225A85D4700877261 /* RandomPassword */,
			);
		};
/* End PBXProject section */

/* Begin PBXResourcesBuildPhase section */
		57889A6125A85D4700877261 /* Resources */ = {
			isa = PBXResourcesBuildPhase;
			buildActionMask = 2147483647;
			files = (
				57889A6A25A85D4900877261 /* Assets.xcassets in Resources */,
				57889A7C25A85E0000877261 /* MainWindowController.xib in Resources */,
				57889A6D25A85D4900877261 /* MainMenu.xib in Resources */,
			);
			runOnlyForDeploymentPostprocessing = 0;
		};
/* End PBXResourcesBuildPhase section */

/* Begin PBXSourcesBuildPhase section */
		57889A5F25A85D4700877261 /* Sources */ = {
			isa = PBXSourcesBuildPhase;
			buildActionMask = 2147483647;
			files = (
				57889A7B25A85E0000877261 /* MainWindowController.m in Sources */,
				57889A7025A85D4900877261 /* main.m in Sources */,
				57889A6825A85D4700877261 /* AppDelegate.m in Sources */,
				57889A8025A85F4E00877261 /* GeneratePassword.m in Sources */,
			);
			runOnlyForDeploymentPostprocessing = 0;
		};
/* End PBXSourcesBuildPhase section */

/* Begin PBXVariantGroup section */
		57889A6B25A85D4900877261 /* MainMenu.xib */ = {
			isa = PBXVariantGroup;
			children = (
				57889A6C25A85D4900877261 /* Base */,
			);
			name = MainMenu.xib;
			sourceTree = "<group>";
		};
/* End PBXVariantGroup section */

/* Begin XCBuildConfiguration section */
		57889A7225A85D4900877261 /* Debug */ = {
			isa = XCBuildConfiguration;
			buildSettings = {
				ALWAYS_SEARCH_USER_PATHS = NO;
				CLANG_ANALYZER_NONNULL = YES;
				CLANG_ANALYZER_NUMBER_OBJECT_CONVERSION = YES_AGGRESSIVE;
				CLANG_CXX_LANGUAGE_STANDARD = "gnu++14";
				CLANG_CXX_LIBRARY = "libc++";
				CLANG_ENABLE_MODULES = YES;
				CLANG_ENABLE_OBJC_ARC = YES;
				CLANG_ENABLE_OBJC_WEAK = YES;
				CLANG_WARN_BLOCK_CAPTURE_AUTORELEASING = YES;
				CLANG_WARN_BOOL_CONVERSION = YES;
				CLANG_WARN_COMMA = YES;
				CLANG_WARN_CONSTANT_CONVERSION = YES;
				CLANG_WARN_DEPRECATED_OBJC_IMPLEMENTATIONS = YES;
				CLANG_WARN_DIRECT_OBJC_ISA_USAGE = YES_ERROR;
				CLANG_WARN_DOCUMENTATION_COMMENTS = YES;
				CLANG_WARN_EMPTY_BODY = YES;
				CLANG_WARN_ENUM_CONVERSION = YES;
				CLANG_WARN_INFINITE_RECURSION = YES;
				CLANG_WARN_INT_CONVERSION = YES;
				CLANG_WARN_NON_LITERAL_NULL_CONVERSION = YES;
				CLANG_WARN_OBJC_IMPLICIT_RETAIN_SELF = YES;
				CLANG_WARN_OBJC_LITERAL_CONVERSION = YES;
				CLANG_WARN_OBJC_ROOT_CLASS = YES_ERROR;
				CLANG_WARN_QUOTED_INCLUDE_IN_FRAMEWORK_HEADER = YES;
				CLANG_WARN_RANGE_LOOP_ANALYSIS = YES;
				CLANG_WARN_STRICT_PROTOTYPES = YES;
				CLANG_WARN_SUSPICIOUS_MOVE = YES;
				CLANG_WARN_UNGUARDED_AVAILABILITY = YES_AGGRESSIVE;
				CLANG_WARN_UNREACHABLE_CODE = YES;
				CLANG_WARN__DUPLICATE_METHOD_MATCH = YES;
				COPY_PHASE_STRIP = NO;
				DEBUG_INFORMATION_FORMAT = dwarf;
				ENABLE_STRICT_OBJC_MSGSEND = YES;
				ENABLE_TESTABILITY = YES;
				GCC_C_LANGUAGE_STANDARD = gnu11;
				GCC_DYNAMIC_NO_PIC = NO;
				GCC_NO_COMMON_BLOCKS = YES;
				GCC_OPTIMIZATION_LEVEL = 0;
				GCC_PREPROCESSOR_DEFINITIONS = (
					"DEBUG=1",
					"$(inherited)",
				);
				GCC_WARN_64_TO_32_BIT_CONVERSION = YES;
				GCC_WARN_ABOUT_RETURN_TYPE = YES_ERROR;
				GCC_WARN_UNDECLARED_SELECTOR = YES;
				GCC_WARN_UNINITIALIZED_AUTOS = YES_AGGRESSIVE;
				GCC_WARN_UNUSED_FUNCTION = YES;
				GCC_WARN_UNUSED_VARIABLE = YES;
				MACOSX_DEPLOYMENT_TARGET = 11.1;
				MTL_ENABLE_DEBUG_INFO = INCLUDE_SOURCE;
				MTL_FAST_MATH = YES;
				ONLY_ACTIVE_ARCH = YES;
				SDKROOT = macosx;
			};
			name = Debug;
		};
		57889A7325A85D4900877261 /* Release */ = {
			isa = XCBuildConfiguration;
			buildSettings = {
				ALWAYS_SEARCH_USER_PATHS = NO;
				CLANG_ANALYZER_NONNULL = YES;
				CLANG_ANALYZER_NUMBER_OBJECT_CONVERSION = YES_AGGRESSIVE;
				CLANG_CXX_LANGUAGE_STANDARD = "gnu++14";
				CLANG_CXX_LIBRARY = "libc++";
				CLANG_ENABLE_MODULES = YES;
				CLANG_ENABLE_OBJC_ARC = YES;
				CLANG_ENABLE_OBJC_WEAK = YES;
				CLANG_WARN_BLOCK_CAPTURE_AUTORELEASING = YES;
				CLANG_WARN_BOOL_CONVERSION = YES;
				CLANG_WARN_COMMA = YES;
				CLANG_WARN_CONSTANT_CONVERSION = YES;
				CLANG_WARN_DEPRECATED_OBJC_IMPLEMENTATIONS = YES;
				CLANG_WARN_DIRECT_OBJC_ISA_USAGE = YES_ERROR;
				CLANG_WARN_DOCUMENTATION_COMMENTS = YES;
				CLANG_WARN_EMPTY_BODY = YES;
				CLANG_WARN_ENUM_CONVERSION = YES;
				CLANG_WARN_INFINITE_RECURSION = YES;
				CLANG_WARN_INT_CONVERSION = YES;
				CLANG_WARN_NON_LITERAL_NULL_CONVERSION = YES;
				CLANG_WARN_OBJC_IMPLICIT_RETAIN_SELF = YES;
				CLANG_WARN_OBJC_LITERAL_CONVERSION = YES;
				CLANG_WARN_OBJC_ROOT_CLASS = YES_ERROR;
				CLANG_WARN_QUOTED_INCLUDE_IN_FRAMEWORK_HEADER = YES;
				CLANG_WARN_RANGE_LOOP_ANALYSIS = YES;
				CLANG_WARN_STRICT_PROTOTYPES = YES;
				CLANG_WARN_SUSPICIOUS_MOVE = YES;
				CLANG_WARN_UNGUARDED_AVAILABILITY = YES_AGGRESSIVE;
				CLANG_WARN_UNREACHABLE_CODE = YES;
				CLANG_WARN__DUPLICATE_METHOD_MATCH = YES;
				COPY_PHASE_STRIP = NO;
				DEBUG_INFORMATION_FORMAT = "dwarf-with-dsym";
				ENABLE_NS_ASSERTIONS = NO;
				ENABLE_STRICT_OBJC_MSGSEND = YES;
				GCC_C_LANGUAGE_STANDARD = gnu11;
				GCC_NO_COMMON_BLOCKS = YES;
				GCC_WARN_64_TO_32_BIT_CONVERSION = YES;
				GCC_WARN_ABOUT_RETURN_TYPE = YES_ERROR;
				GCC_WARN_UNDECLARED_SELECTOR = YES;
				GCC_WARN_UNINITIALIZED_AUTOS = YES_AGGRESSIVE;
				GCC_WARN_UNUSED_FUNCTION = YES;
				GCC_WARN_UNUSED_VARIABLE = YES;
				MACOSX_DEPLOYMENT_TARGET = 11.1;
				MTL_ENABLE_DEBUG_INFO = NO;
				MTL_FAST_MATH = YES;
				SDKROOT = macosx;
			};
			name = Release;
		};
		57889A7525A85D4900877261 /* Debug */ = {
			isa = XCBuildConfiguration;
			buildSettings = {
				ASSETCATALOG_COMPILER_APPICON_NAME = AppIcon;
				ASSETCATALOG_COMPILER_GLOBAL_ACCENT_COLOR_NAME = AccentColor;
				CODE_SIGN_ENTITLEMENTS = RandomPassword/RandomPassword.entitlements;
				CODE_SIGN_STYLE = Automatic;
				COMBINE_HIDPI_IMAGES = YES;
				INFOPLIST_FILE = RandomPassword/Info.plist;
				LD_RUNPATH_SEARCH_PATHS = (
					"$(inherited)",
					"@executable_path/../Frameworks",
				);
				PRODUCT_BUNDLE_IDENTIFIER = com.angieMita.RandomPassword;
				PRODUCT_NAME = "$(TARGET_NAME)";
			};
			name = Debug;
		};
		57889A7625A85D4900877261 /* Release */ = {
			isa = XCBuildConfiguration;
			buildSettings = {
				ASSETCATALOG_COMPILER_APPICON_NAME = AppIcon;
				ASSETCATALOG_COMPILER_GLOBAL_ACCENT_COLOR_NAME = AccentColor;
				CODE_SIGN_ENTITLEMENTS = RandomPassword/RandomPassword.entitlements;
				CODE_SIGN_STYLE = Automatic;
				COMBINE_HIDPI_IMAGES = YES;
				INFOPLIST_FILE = RandomPassword/Info.plist;
				LD_RUNPATH_SEARCH_PATHS = (
					"$(inherited)",
					"@executable_path/../Frameworks",
				);
				PRODUCT_BUNDLE_IDENTIFIER = com.angieMita.RandomPassword;
				PRODUCT_NAME = "$(TARGET_NAME)";
			};
			name = Release;
		};
/* End XCBuildConfiguration section */

/* Begin XCConfigurationList section */
		57889A5E25A85D4700877261 /* Build configuration list for PBXProject "RandomPassword" */ = {
			isa = XCConfigurationList;
			buildConfigurations = (
				57889A7225A85D4900877261 /* Debug */,
				57889A7325A85D4900877261 /* Release */,
			);
			defaultConfigurationIsVisible = 0;
			defaultConfigurationName = Release;
		};
		57889A7425A85D4900877261 /* Build configuration list for PBXNativeTarget "RandomPassword" */ = {
			isa = XCConfigurationList;
			buildConfigurations = (
				57889A7525A85D4900877261 /* Debug */,
				57889A7625A85D4900877261 /* Release */,
			);
			defaultConfigurationIsVisible = 0;
			defaultConfigurationName = Release;
		};
/* End XCConfigurationList section */
	};
	rootObject = 57889A5B25A85D4700877261 /* Project object */;
}
