// !$*UTF8*$!
{
	archiveVersion = 1;
	classes = {
	};
	objectVersion = 50;
	objects = {

/* Begin PBXBuildFile section */
		579908A6259D6D8E002CE46A /* AppDelegate.m in Sources */ = {isa = PBXBuildFile; fileRef = 579908A5259D6D8E002CE46A /* AppDelegate.m */; };
		579908A8259D6D90002CE46A /* Assets.xcassets in Resources */ = {isa = PBXBuildFile; fileRef = 579908A7259D6D90002CE46A /* Assets.xcassets */; };
		579908AB259D6D90002CE46A /* MainMenu.xib in Resources */ = {isa = PBXBuildFile; fileRef = 579908A9259D6D90002CE46A /* MainMenu.xib */; };
		579908AE259D6D90002CE46A /* main.m in Sources */ = {isa = PBXBuildFile; fileRef = 579908AD259D6D90002CE46A /* main.m */; };
		579908B8259D6D98002CE46A /* CircleImageView.m in Sources */ = {isa = PBXBuildFile; fileRef = 579908B6259D6D98002CE46A /* CircleImageView.m */; };
		579908BB259D6ED6002CE46A /* beauty_girl@3x.png in Resources */ = {isa = PBXBuildFile; fileRef = 579908BA259D6ED6002CE46A /* beauty_girl@3x.png */; };
/* End PBXBuildFile section */

/* Begin PBXFileReference section */
		579908A1259D6D8E002CE46A /* ImageViewTest.app */ = {isa = PBXFileReference; explicitFileType = wrapper.application; includeInIndex = 0; path = ImageViewTest.app; sourceTree = BUILT_PRODUCTS_DIR; };
		579908A4259D6D8E002CE46A /* AppDelegate.h */ = {isa = PBXFileReference; lastKnownFileType = sourcecode.c.h; path = AppDelegate.h; sourceTree = "<group>"; };
		579908A5259D6D8E002CE46A /* AppDelegate.m */ = {isa = PBXFileReference; lastKnownFileType = sourcecode.c.objc; path = AppDelegate.m; sourceTree = "<group>"; };
		579908A7259D6D90002CE46A /* Assets.xcassets */ = {isa = PBXFileReference; lastKnownFileType = folder.assetcatalog; path = Assets.xcassets; sourceTree = "<group>"; };
		579908AA259D6D90002CE46A /* Base */ = {isa = PBXFileReference; lastKnownFileType = file.xib; name = Base; path = Base.lproj/MainMenu.xib; sourceTree = "<group>"; };
		579908AC259D6D90002CE46A /* Info.plist */ = {isa = PBXFileReference; lastKnownFileType = text.plist.xml; path = Info.plist; sourceTree = "<group>"; };
		579908AD259D6D90002CE46A /* main.m */ = {isa = PBXFileReference; lastKnownFileType = sourcecode.c.objc; path = main.m; sourceTree = "<group>"; };
		579908AF259D6D90002CE46A /* ImageViewTest.entitlements */ = {isa = PBXFileReference; lastKnownFileType = text.plist.entitlements; path = ImageViewTest.entitlements; sourceTree = "<group>"; };
		579908B6259D6D98002CE46A /* CircleImageView.m */ = {isa = PBXFileReference; fileEncoding = 4; lastKnownFileType = sourcecode.c.objc; path = CircleImageView.m; sourceTree = "<group>"; };
		579908B7259D6D98002CE46A /* CircleImageView.h */ = {isa = PBXFileReference; fileEncoding = 4; lastKnownFileType = sourcecode.c.h; path = CircleImageView.h; sourceTree = "<group>"; };
		579908BA259D6ED6002CE46A /* beauty_girl@3x.png */ = {isa = PBXFileReference; lastKnownFileType = image.png; path = "beauty_girl@3x.png"; sourceTree = "<group>"; };
/* End PBXFileReference section */

/* Begin PBXFrameworksBuildPhase section */
		5799089E259D6D8E002CE46A /* Frameworks */ = {
			isa = PBXFrameworksBuildPhase;
			buildActionMask = 2147483647;
			files = (
			);
			runOnlyForDeploymentPostprocessing = 0;
		};
/* End PBXFrameworksBuildPhase section */

/* Begin PBXGroup section */
		57990898259D6D8E002CE46A = {
			isa = PBXGroup;
			children = (
				579908A3259D6D8E002CE46A /* ImageViewTest */,
				579908A2259D6D8E002CE46A /* Products */,
			);
			sourceTree = "<group>";
		};
		579908A2259D6D8E002CE46A /* Products */ = {
			isa = PBXGroup;
			children = (
				579908A1259D6D8E002CE46A /* ImageViewTest.app */,
			);
			name = Products;
			sourceTree = "<group>";
		};
		579908A3259D6D8E002CE46A /* ImageViewTest */ = {
			isa = PBXGroup;
			children = (
				579908A4259D6D8E002CE46A /* AppDelegate.h */,
				579908A5259D6D8E002CE46A /* AppDelegate.m */,
				579908B7259D6D98002CE46A /* CircleImageView.h */,
				579908B6259D6D98002CE46A /* CircleImageView.m */,
				579908BA259D6ED6002CE46A /* beauty_girl@3x.png */,
				579908A7259D6D90002CE46A /* Assets.xcassets */,
				579908A9259D6D90002CE46A /* MainMenu.xib */,
				579908AC259D6D90002CE46A /* Info.plist */,
				579908AD259D6D90002CE46A /* main.m */,
				579908AF259D6D90002CE46A /* ImageViewTest.entitlements */,
			);
			path = ImageViewTest;
			sourceTree = "<group>";
		};
/* End PBXGroup section */

/* Begin PBXNativeTarget section */
		579908A0259D6D8E002CE46A /* ImageViewTest */ = {
			isa = PBXNativeTarget;
			buildConfigurationList = 579908B2259D6D90002CE46A /* Build configuration list for PBXNativeTarget "ImageViewTest" */;
			buildPhases = (
				5799089D259D6D8E002CE46A /* Sources */,
				5799089E259D6D8E002CE46A /* Frameworks */,
				5799089F259D6D8E002CE46A /* Resources */,
			);
			buildRules = (
			);
			dependencies = (
			);
			name = ImageViewTest;
			productName = ImageViewTest;
			productReference = 579908A1259D6D8E002CE46A /* ImageViewTest.app */;
			productType = "com.apple.product-type.application";
		};
/* End PBXNativeTarget section */

/* Begin PBXProject section */
		57990899259D6D8E002CE46A /* Project object */ = {
			isa = PBXProject;
			attributes = {
				LastUpgradeCheck = 1230;
				TargetAttributes = {
					579908A0259D6D8E002CE46A = {
						CreatedOnToolsVersion = 12.3;
					};
				};
			};
			buildConfigurationList = 5799089C259D6D8E002CE46A /* Build configuration list for PBXProject "ImageViewTest" */;
			compatibilityVersion = "Xcode 9.3";
			developmentRegion = en;
			hasScannedForEncodings = 0;
			knownRegions = (
				en,
				Base,
			);
			mainGroup = 57990898259D6D8E002CE46A;
			productRefGroup = 579908A2259D6D8E002CE46A /* Products */;
			projectDirPath = "";
			projectRoot = "";
			targets = (
				579908A0259D6D8E002CE46A /* ImageViewTest */,
			);
		};
/* End PBXProject section */

/* Begin PBXResourcesBuildPhase section */
		5799089F259D6D8E002CE46A /* Resources */ = {
			isa = PBXResourcesBuildPhase;
			buildActionMask = 2147483647;
			files = (
				579908BB259D6ED6002CE46A /* beauty_girl@3x.png in Resources */,
				579908A8259D6D90002CE46A /* Assets.xcassets in Resources */,
				579908AB259D6D90002CE46A /* MainMenu.xib in Resources */,
			);
			runOnlyForDeploymentPostprocessing = 0;
		};
/* End PBXResourcesBuildPhase section */

/* Begin PBXSourcesBuildPhase section */
		5799089D259D6D8E002CE46A /* Sources */ = {
			isa = PBXSourcesBuildPhase;
			buildActionMask = 2147483647;
			files = (
				579908AE259D6D90002CE46A /* main.m in Sources */,
				579908A6259D6D8E002CE46A /* AppDelegate.m in Sources */,
				579908B8259D6D98002CE46A /* CircleImageView.m in Sources */,
			);
			runOnlyForDeploymentPostprocessing = 0;
		};
/* End PBXSourcesBuildPhase section */

/* Begin PBXVariantGroup section */
		579908A9259D6D90002CE46A /* MainMenu.xib */ = {
			isa = PBXVariantGroup;
			children = (
				579908AA259D6D90002CE46A /* Base */,
			);
			name = MainMenu.xib;
			sourceTree = "<group>";
		};
/* End PBXVariantGroup section */

/* Begin XCBuildConfiguration section */
		579908B0259D6D90002CE46A /* Debug */ = {
			isa = XCBuildConfiguration;
			buildSettings = {
				ALWAYS_SEARCH_USER_PATHS = NO;
				CLANG_ANALYZER_NONNULL = YES;
				CLANG_ANALYZER_NUMBER_OBJECT_CONVERSION = YES_AGGRESSIVE;
				CLANG_CXX_LANGUAGE_STANDARD = "gnu++14";
				CLANG_CXX_LIBRARY = "libc++";
				CLANG_ENABLE_MODULES = YES;
				CLANG_ENABLE_OBJC_ARC = YES;
				CLANG_ENABLE_OBJC_WEAK = YES;
				CLANG_WARN_BLOCK_CAPTURE_AUTORELEASING = YES;
				CLANG_WARN_BOOL_CONVERSION = YES;
				CLANG_WARN_COMMA = YES;
				CLANG_WARN_CONSTANT_CONVERSION = YES;
				CLANG_WARN_DEPRECATED_OBJC_IMPLEMENTATIONS = YES;
				CLANG_WARN_DIRECT_OBJC_ISA_USAGE = YES_ERROR;
				CLANG_WARN_DOCUMENTATION_COMMENTS = YES;
				CLANG_WARN_EMPTY_BODY = YES;
				CLANG_WARN_ENUM_CONVERSION = YES;
				CLANG_WARN_INFINITE_RECURSION = YES;
				CLANG_WARN_INT_CONVERSION = YES;
				CLANG_WARN_NON_LITERAL_NULL_CONVERSION = YES;
				CLANG_WARN_OBJC_IMPLICIT_RETAIN_SELF = YES;
				CLANG_WARN_OBJC_LITERAL_CONVERSION = YES;
				CLANG_WARN_OBJC_ROOT_CLASS = YES_ERROR;
				CLANG_WARN_QUOTED_INCLUDE_IN_FRAMEWORK_HEADER = YES;
				CLANG_WARN_RANGE_LOOP_ANALYSIS = YES;
				CLANG_WARN_STRICT_PROTOTYPES = YES;
				CLANG_WARN_SUSPICIOUS_MOVE = YES;
				CLANG_WARN_UNGUARDED_AVAILABILITY = YES_AGGRESSIVE;
				CLANG_WARN_UNREACHABLE_CODE = YES;
				CLANG_WARN__DUPLICATE_METHOD_MATCH = YES;
				COPY_PHASE_STRIP = NO;
				DEBUG_INFORMATION_FORMAT = dwarf;
				ENABLE_STRICT_OBJC_MSGSEND = YES;
				ENABLE_TESTABILITY = YES;
				GCC_C_LANGUAGE_STANDARD = gnu11;
				GCC_DYNAMIC_NO_PIC = NO;
				GCC_NO_COMMON_BLOCKS = YES;
				GCC_OPTIMIZATION_LEVEL = 0;
				GCC_PREPROCESSOR_DEFINITIONS = (
					"DEBUG=1",
					"$(inherited)",
				);
				GCC_WARN_64_TO_32_BIT_CONVERSION = YES;
				GCC_WARN_ABOUT_RETURN_TYPE = YES_ERROR;
				GCC_WARN_UNDECLARED_SELECTOR = YES;
				GCC_WARN_UNINITIALIZED_AUTOS = YES_AGGRESSIVE;
				GCC_WARN_UNUSED_FUNCTION = YES;
				GCC_WARN_UNUSED_VARIABLE = YES;
				MACOSX_DEPLOYMENT_TARGET = 11.1;
				MTL_ENABLE_DEBUG_INFO = INCLUDE_SOURCE;
				MTL_FAST_MATH = YES;
				ONLY_ACTIVE_ARCH = YES;
				SDKROOT = macosx;
			};
			name = Debug;
		};
		579908B1259D6D90002CE46A /* Release */ = {
			isa = XCBuildConfiguration;
			buildSettings = {
				ALWAYS_SEARCH_USER_PATHS = NO;
				CLANG_ANALYZER_NONNULL = YES;
				CLANG_ANALYZER_NUMBER_OBJECT_CONVERSION = YES_AGGRESSIVE;
				CLANG_CXX_LANGUAGE_STANDARD = "gnu++14";
				CLANG_CXX_LIBRARY = "libc++";
				CLANG_ENABLE_MODULES = YES;
				CLANG_ENABLE_OBJC_ARC = YES;
				CLANG_ENABLE_OBJC_WEAK = YES;
				CLANG_WARN_BLOCK_CAPTURE_AUTORELEASING = YES;
				CLANG_WARN_BOOL_CONVERSION = YES;
				CLANG_WARN_COMMA = YES;
				CLANG_WARN_CONSTANT_CONVERSION = YES;
				CLANG_WARN_DEPRECATED_OBJC_IMPLEMENTATIONS = YES;
				CLANG_WARN_DIRECT_OBJC_ISA_USAGE = YES_ERROR;
				CLANG_WARN_DOCUMENTATION_COMMENTS = YES;
				CLANG_WARN_EMPTY_BODY = YES;
				CLANG_WARN_ENUM_CONVERSION = YES;
				CLANG_WARN_INFINITE_RECURSION = YES;
				CLANG_WARN_INT_CONVERSION = YES;
				CLANG_WARN_NON_LITERAL_NULL_CONVERSION = YES;
				CLANG_WARN_OBJC_IMPLICIT_RETAIN_SELF = YES;
				CLANG_WARN_OBJC_LITERAL_CONVERSION = YES;
				CLANG_WARN_OBJC_ROOT_CLASS = YES_ERROR;
				CLANG_WARN_QUOTED_INCLUDE_IN_FRAMEWORK_HEADER = YES;
				CLANG_WARN_RANGE_LOOP_ANALYSIS = YES;
				CLANG_WARN_STRICT_PROTOTYPES = YES;
				CLANG_WARN_SUSPICIOUS_MOVE = YES;
				CLANG_WARN_UNGUARDED_AVAILABILITY = YES_AGGRESSIVE;
				CLANG_WARN_UNREACHABLE_CODE = YES;
				CLANG_WARN__DUPLICATE_METHOD_MATCH = YES;
				COPY_PHASE_STRIP = NO;
				DEBUG_INFORMATION_FORMAT = "dwarf-with-dsym";
				ENABLE_NS_ASSERTIONS = NO;
				ENABLE_STRICT_OBJC_MSGSEND = YES;
				GCC_C_LANGUAGE_STANDARD = gnu11;
				GCC_NO_COMMON_BLOCKS = YES;
				GCC_WARN_64_TO_32_BIT_CONVERSION = YES;
				GCC_WARN_ABOUT_RETURN_TYPE = YES_ERROR;
				GCC_WARN_UNDECLARED_SELECTOR = YES;
				GCC_WARN_UNINITIALIZED_AUTOS = YES_AGGRESSIVE;
				GCC_WARN_UNUSED_FUNCTION = YES;
				GCC_WARN_UNUSED_VARIABLE = YES;
				MACOSX_DEPLOYMENT_TARGET = 11.1;
				MTL_ENABLE_DEBUG_INFO = NO;
				MTL_FAST_MATH = YES;
				SDKROOT = macosx;
			};
			name = Release;
		};
		579908B3259D6D90002CE46A /* Debug */ = {
			isa = XCBuildConfiguration;
			buildSettings = {
				ASSETCATALOG_COMPILER_APPICON_NAME = AppIcon;
				ASSETCATALOG_COMPILER_GLOBAL_ACCENT_COLOR_NAME = AccentColor;
				CODE_SIGN_ENTITLEMENTS = ImageViewTest/ImageViewTest.entitlements;
				CODE_SIGN_STYLE = Automatic;
				COMBINE_HIDPI_IMAGES = YES;
				INFOPLIST_FILE = ImageViewTest/Info.plist;
				LD_RUNPATH_SEARCH_PATHS = (
					"$(inherited)",
					"@executable_path/../Frameworks",
				);
				PRODUCT_BUNDLE_IDENTIFIER = com.angieMita.ImageViewTest;
				PRODUCT_NAME = "$(TARGET_NAME)";
			};
			name = Debug;
		};
		579908B4259D6D90002CE46A /* Release */ = {
			isa = XCBuildConfiguration;
			buildSettings = {
				ASSETCATALOG_COMPILER_APPICON_NAME = AppIcon;
				ASSETCATALOG_COMPILER_GLOBAL_ACCENT_COLOR_NAME = AccentColor;
				CODE_SIGN_ENTITLEMENTS = ImageViewTest/ImageViewTest.entitlements;
				CODE_SIGN_STYLE = Automatic;
				COMBINE_HIDPI_IMAGES = YES;
				INFOPLIST_FILE = ImageViewTest/Info.plist;
				LD_RUNPATH_SEARCH_PATHS = (
					"$(inherited)",
					"@executable_path/../Frameworks",
				);
				PRODUCT_BUNDLE_IDENTIFIER = com.angieMita.ImageViewTest;
				PRODUCT_NAME = "$(TARGET_NAME)";
			};
			name = Release;
		};
/* End XCBuildConfiguration section */

/* Begin XCConfigurationList section */
		5799089C259D6D8E002CE46A /* Build configuration list for PBXProject "ImageViewTest" */ = {
			isa = XCConfigurationList;
			buildConfigurations = (
				579908B0259D6D90002CE46A /* Debug */,
				579908B1259D6D90002CE46A /* Release */,
			);
			defaultConfigurationIsVisible = 0;
			defaultConfigurationName = Release;
		};
		579908B2259D6D90002CE46A /* Build configuration list for PBXNativeTarget "ImageViewTest" */ = {
			isa = XCConfigurationList;
			buildConfigurations = (
				579908B3259D6D90002CE46A /* Debug */,
				579908B4259D6D90002CE46A /* Release */,
			);
			defaultConfigurationIsVisible = 0;
			defaultConfigurationName = Release;
		};
/* End XCConfigurationList section */
	};
	rootObject = 57990899259D6D8E002CE46A /* Project object */;
}
