// !$*UTF8*$!
{
	archiveVersion = 1;
	classes = {
	};
	objectVersion = 50;
	objects = {

/* Begin PBXBuildFile section */
		5781AFA725A2B771007A1009 /* AppDelegate.m in Sources */ = {isa = PBXBuildFile; fileRef = 5781AFA625A2B771007A1009 /* AppDelegate.m */; };
		5781AFA925A2B773007A1009 /* Assets.xcassets in Resources */ = {isa = PBXBuildFile; fileRef = 5781AFA825A2B773007A1009 /* Assets.xcassets */; };
		5781AFAC25A2B773007A1009 /* MainMenu.xib in Resources */ = {isa = PBXBuildFile; fileRef = 5781AFAA25A2B773007A1009 /* MainMenu.xib */; };
		5781AFAF25A2B773007A1009 /* main.m in Sources */ = {isa = PBXBuildFile; fileRef = 5781AFAE25A2B773007A1009 /* main.m */; };
		5781AFB925A2B813007A1009 /* AppController.m in Sources */ = {isa = PBXBuildFile; fileRef = 5781AFB825A2B813007A1009 /* AppController.m */; };
		5781AFBC25A2B8BF007A1009 /* Downloads.xib in Resources */ = {isa = PBXBuildFile; fileRef = 5781AFBB25A2B8BF007A1009 /* Downloads.xib */; };
		5781AFC525A2B941007A1009 /* DowloadsWindowController.m in Sources */ = {isa = PBXBuildFile; fileRef = 5781AFC425A2B941007A1009 /* DowloadsWindowController.m */; };
/* End PBXBuildFile section */

/* Begin PBXFileReference section */
		5781AFA225A2B771007A1009 /* MultipleWindows.app */ = {isa = PBXFileReference; explicitFileType = wrapper.application; includeInIndex = 0; path = MultipleWindows.app; sourceTree = BUILT_PRODUCTS_DIR; };
		5781AFA525A2B771007A1009 /* AppDelegate.h */ = {isa = PBXFileReference; lastKnownFileType = sourcecode.c.h; path = AppDelegate.h; sourceTree = "<group>"; };
		5781AFA625A2B771007A1009 /* AppDelegate.m */ = {isa = PBXFileReference; lastKnownFileType = sourcecode.c.objc; path = AppDelegate.m; sourceTree = "<group>"; };
		5781AFA825A2B773007A1009 /* Assets.xcassets */ = {isa = PBXFileReference; lastKnownFileType = folder.assetcatalog; path = Assets.xcassets; sourceTree = "<group>"; };
		5781AFAB25A2B773007A1009 /* Base */ = {isa = PBXFileReference; lastKnownFileType = file.xib; name = Base; path = Base.lproj/MainMenu.xib; sourceTree = "<group>"; };
		5781AFAD25A2B773007A1009 /* Info.plist */ = {isa = PBXFileReference; lastKnownFileType = text.plist.xml; path = Info.plist; sourceTree = "<group>"; };
		5781AFAE25A2B773007A1009 /* main.m */ = {isa = PBXFileReference; lastKnownFileType = sourcecode.c.objc; path = main.m; sourceTree = "<group>"; };
		5781AFB025A2B773007A1009 /* MultipleWindows.entitlements */ = {isa = PBXFileReference; lastKnownFileType = text.plist.entitlements; path = MultipleWindows.entitlements; sourceTree = "<group>"; };
		5781AFB725A2B813007A1009 /* AppController.h */ = {isa = PBXFileReference; lastKnownFileType = sourcecode.c.h; path = AppController.h; sourceTree = "<group>"; };
		5781AFB825A2B813007A1009 /* AppController.m */ = {isa = PBXFileReference; lastKnownFileType = sourcecode.c.objc; path = AppController.m; sourceTree = "<group>"; };
		5781AFBB25A2B8BF007A1009 /* Downloads.xib */ = {isa = PBXFileReference; lastKnownFileType = file.xib; path = Downloads.xib; sourceTree = "<group>"; };
		5781AFC325A2B941007A1009 /* DowloadsWindowController.h */ = {isa = PBXFileReference; lastKnownFileType = sourcecode.c.h; path = DowloadsWindowController.h; sourceTree = "<group>"; };
		5781AFC425A2B941007A1009 /* DowloadsWindowController.m */ = {isa = PBXFileReference; lastKnownFileType = sourcecode.c.objc; path = DowloadsWindowController.m; sourceTree = "<group>"; };
/* End PBXFileReference section */

/* Begin PBXFrameworksBuildPhase section */
		5781AF9F25A2B771007A1009 /* Frameworks */ = {
			isa = PBXFrameworksBuildPhase;
			buildActionMask = 2147483647;
			files = (
			);
			runOnlyForDeploymentPostprocessing = 0;
		};
/* End PBXFrameworksBuildPhase section */

/* Begin PBXGroup section */
		5781AF9925A2B771007A1009 = {
			isa = PBXGroup;
			children = (
				5781AFA425A2B771007A1009 /* MultipleWindows */,
				5781AFA325A2B771007A1009 /* Products */,
			);
			sourceTree = "<group>";
		};
		5781AFA325A2B771007A1009 /* Products */ = {
			isa = PBXGroup;
			children = (
				5781AFA225A2B771007A1009 /* MultipleWindows.app */,
			);
			name = Products;
			sourceTree = "<group>";
		};
		5781AFA425A2B771007A1009 /* MultipleWindows */ = {
			isa = PBXGroup;
			children = (
				5781AFA525A2B771007A1009 /* AppDelegate.h */,
				5781AFA625A2B771007A1009 /* AppDelegate.m */,
				5781AFB725A2B813007A1009 /* AppController.h */,
				5781AFB825A2B813007A1009 /* AppController.m */,
				5781AFC325A2B941007A1009 /* DowloadsWindowController.h */,
				5781AFC425A2B941007A1009 /* DowloadsWindowController.m */,
				5781AFA825A2B773007A1009 /* Assets.xcassets */,
				5781AFAA25A2B773007A1009 /* MainMenu.xib */,
				5781AFBB25A2B8BF007A1009 /* Downloads.xib */,
				5781AFAD25A2B773007A1009 /* Info.plist */,
				5781AFAE25A2B773007A1009 /* main.m */,
				5781AFB025A2B773007A1009 /* MultipleWindows.entitlements */,
			);
			path = MultipleWindows;
			sourceTree = "<group>";
		};
/* End PBXGroup section */

/* Begin PBXNativeTarget section */
		5781AFA125A2B771007A1009 /* MultipleWindows */ = {
			isa = PBXNativeTarget;
			buildConfigurationList = 5781AFB325A2B773007A1009 /* Build configuration list for PBXNativeTarget "MultipleWindows" */;
			buildPhases = (
				5781AF9E25A2B771007A1009 /* Sources */,
				5781AF9F25A2B771007A1009 /* Frameworks */,
				5781AFA025A2B771007A1009 /* Resources */,
			);
			buildRules = (
			);
			dependencies = (
			);
			name = MultipleWindows;
			productName = MultipleWindows;
			productReference = 5781AFA225A2B771007A1009 /* MultipleWindows.app */;
			productType = "com.apple.product-type.application";
		};
/* End PBXNativeTarget section */

/* Begin PBXProject section */
		5781AF9A25A2B771007A1009 /* Project object */ = {
			isa = PBXProject;
			attributes = {
				LastUpgradeCheck = 1230;
				TargetAttributes = {
					5781AFA125A2B771007A1009 = {
						CreatedOnToolsVersion = 12.3;
					};
				};
			};
			buildConfigurationList = 5781AF9D25A2B771007A1009 /* Build configuration list for PBXProject "MultipleWindows" */;
			compatibilityVersion = "Xcode 9.3";
			developmentRegion = en;
			hasScannedForEncodings = 0;
			knownRegions = (
				en,
				Base,
			);
			mainGroup = 5781AF9925A2B771007A1009;
			productRefGroup = 5781AFA325A2B771007A1009 /* Products */;
			projectDirPath = "";
			projectRoot = "";
			targets = (
				5781AFA125A2B771007A1009 /* MultipleWindows */,
			);
		};
/* End PBXProject section */

/* Begin PBXResourcesBuildPhase section */
		5781AFA025A2B771007A1009 /* Resources */ = {
			isa = PBXResourcesBuildPhase;
			buildActionMask = 2147483647;
			files = (
				5781AFA925A2B773007A1009 /* Assets.xcassets in Resources */,
				5781AFBC25A2B8BF007A1009 /* Downloads.xib in Resources */,
				5781AFAC25A2B773007A1009 /* MainMenu.xib in Resources */,
			);
			runOnlyForDeploymentPostprocessing = 0;
		};
/* End PBXResourcesBuildPhase section */

/* Begin PBXSourcesBuildPhase section */
		5781AF9E25A2B771007A1009 /* Sources */ = {
			isa = PBXSourcesBuildPhase;
			buildActionMask = 2147483647;
			files = (
				5781AFAF25A2B773007A1009 /* main.m in Sources */,
				5781AFB925A2B813007A1009 /* AppController.m in Sources */,
				5781AFC525A2B941007A1009 /* DowloadsWindowController.m in Sources */,
				5781AFA725A2B771007A1009 /* AppDelegate.m in Sources */,
			);
			runOnlyForDeploymentPostprocessing = 0;
		};
/* End PBXSourcesBuildPhase section */

/* Begin PBXVariantGroup section */
		5781AFAA25A2B773007A1009 /* MainMenu.xib */ = {
			isa = PBXVariantGroup;
			children = (
				5781AFAB25A2B773007A1009 /* Base */,
			);
			name = MainMenu.xib;
			sourceTree = "<group>";
		};
/* End PBXVariantGroup section */

/* Begin XCBuildConfiguration section */
		5781AFB125A2B773007A1009 /* Debug */ = {
			isa = XCBuildConfiguration;
			buildSettings = {
				ALWAYS_SEARCH_USER_PATHS = NO;
				CLANG_ANALYZER_NONNULL = YES;
				CLANG_ANALYZER_NUMBER_OBJECT_CONVERSION = YES_AGGRESSIVE;
				CLANG_CXX_LANGUAGE_STANDARD = "gnu++14";
				CLANG_CXX_LIBRARY = "libc++";
				CLANG_ENABLE_MODULES = YES;
				CLANG_ENABLE_OBJC_ARC = YES;
				CLANG_ENABLE_OBJC_WEAK = YES;
				CLANG_WARN_BLOCK_CAPTURE_AUTORELEASING = YES;
				CLANG_WARN_BOOL_CONVERSION = YES;
				CLANG_WARN_COMMA = YES;
				CLANG_WARN_CONSTANT_CONVERSION = YES;
				CLANG_WARN_DEPRECATED_OBJC_IMPLEMENTATIONS = YES;
				CLANG_WARN_DIRECT_OBJC_ISA_USAGE = YES_ERROR;
				CLANG_WARN_DOCUMENTATION_COMMENTS = YES;
				CLANG_WARN_EMPTY_BODY = YES;
				CLANG_WARN_ENUM_CONVERSION = YES;
				CLANG_WARN_INFINITE_RECURSION = YES;
				CLANG_WARN_INT_CONVERSION = YES;
				CLANG_WARN_NON_LITERAL_NULL_CONVERSION = YES;
				CLANG_WARN_OBJC_IMPLICIT_RETAIN_SELF = YES;
				CLANG_WARN_OBJC_LITERAL_CONVERSION = YES;
				CLANG_WARN_OBJC_ROOT_CLASS = YES_ERROR;
				CLANG_WARN_QUOTED_INCLUDE_IN_FRAMEWORK_HEADER = YES;
				CLANG_WARN_RANGE_LOOP_ANALYSIS = YES;
				CLANG_WARN_STRICT_PROTOTYPES = YES;
				CLANG_WARN_SUSPICIOUS_MOVE = YES;
				CLANG_WARN_UNGUARDED_AVAILABILITY = YES_AGGRESSIVE;
				CLANG_WARN_UNREACHABLE_CODE = YES;
				CLANG_WARN__DUPLICATE_METHOD_MATCH = YES;
				COPY_PHASE_STRIP = NO;
				DEBUG_INFORMATION_FORMAT = dwarf;
				ENABLE_STRICT_OBJC_MSGSEND = YES;
				ENABLE_TESTABILITY = YES;
				GCC_C_LANGUAGE_STANDARD = gnu11;
				GCC_DYNAMIC_NO_PIC = NO;
				GCC_NO_COMMON_BLOCKS = YES;
				GCC_OPTIMIZATION_LEVEL = 0;
				GCC_PREPROCESSOR_DEFINITIONS = (
					"DEBUG=1",
					"$(inherited)",
				);
				GCC_WARN_64_TO_32_BIT_CONVERSION = YES;
				GCC_WARN_ABOUT_RETURN_TYPE = YES_ERROR;
				GCC_WARN_UNDECLARED_SELECTOR = YES;
				GCC_WARN_UNINITIALIZED_AUTOS = YES_AGGRESSIVE;
				GCC_WARN_UNUSED_FUNCTION = YES;
				GCC_WARN_UNUSED_VARIABLE = YES;
				MACOSX_DEPLOYMENT_TARGET = 11.1;
				MTL_ENABLE_DEBUG_INFO = INCLUDE_SOURCE;
				MTL_FAST_MATH = YES;
				ONLY_ACTIVE_ARCH = YES;
				SDKROOT = macosx;
			};
			name = Debug;
		};
		5781AFB225A2B773007A1009 /* Release */ = {
			isa = XCBuildConfiguration;
			buildSettings = {
				ALWAYS_SEARCH_USER_PATHS = NO;
				CLANG_ANALYZER_NONNULL = YES;
				CLANG_ANALYZER_NUMBER_OBJECT_CONVERSION = YES_AGGRESSIVE;
				CLANG_CXX_LANGUAGE_STANDARD = "gnu++14";
				CLANG_CXX_LIBRARY = "libc++";
				CLANG_ENABLE_MODULES = YES;
				CLANG_ENABLE_OBJC_ARC = YES;
				CLANG_ENABLE_OBJC_WEAK = YES;
				CLANG_WARN_BLOCK_CAPTURE_AUTORELEASING = YES;
				CLANG_WARN_BOOL_CONVERSION = YES;
				CLANG_WARN_COMMA = YES;
				CLANG_WARN_CONSTANT_CONVERSION = YES;
				CLANG_WARN_DEPRECATED_OBJC_IMPLEMENTATIONS = YES;
				CLANG_WARN_DIRECT_OBJC_ISA_USAGE = YES_ERROR;
				CLANG_WARN_DOCUMENTATION_COMMENTS = YES;
				CLANG_WARN_EMPTY_BODY = YES;
				CLANG_WARN_ENUM_CONVERSION = YES;
				CLANG_WARN_INFINITE_RECURSION = YES;
				CLANG_WARN_INT_CONVERSION = YES;
				CLANG_WARN_NON_LITERAL_NULL_CONVERSION = YES;
				CLANG_WARN_OBJC_IMPLICIT_RETAIN_SELF = YES;
				CLANG_WARN_OBJC_LITERAL_CONVERSION = YES;
				CLANG_WARN_OBJC_ROOT_CLASS = YES_ERROR;
				CLANG_WARN_QUOTED_INCLUDE_IN_FRAMEWORK_HEADER = YES;
				CLANG_WARN_RANGE_LOOP_ANALYSIS = YES;
				CLANG_WARN_STRICT_PROTOTYPES = YES;
				CLANG_WARN_SUSPICIOUS_MOVE = YES;
				CLANG_WARN_UNGUARDED_AVAILABILITY = YES_AGGRESSIVE;
				CLANG_WARN_UNREACHABLE_CODE = YES;
				CLANG_WARN__DUPLICATE_METHOD_MATCH = YES;
				COPY_PHASE_STRIP = NO;
				DEBUG_INFORMATION_FORMAT = "dwarf-with-dsym";
				ENABLE_NS_ASSERTIONS = NO;
				ENABLE_STRICT_OBJC_MSGSEND = YES;
				GCC_C_LANGUAGE_STANDARD = gnu11;
				GCC_NO_COMMON_BLOCKS = YES;
				GCC_WARN_64_TO_32_BIT_CONVERSION = YES;
				GCC_WARN_ABOUT_RETURN_TYPE = YES_ERROR;
				GCC_WARN_UNDECLARED_SELECTOR = YES;
				GCC_WARN_UNINITIALIZED_AUTOS = YES_AGGRESSIVE;
				GCC_WARN_UNUSED_FUNCTION = YES;
				GCC_WARN_UNUSED_VARIABLE = YES;
				MACOSX_DEPLOYMENT_TARGET = 11.1;
				MTL_ENABLE_DEBUG_INFO = NO;
				MTL_FAST_MATH = YES;
				SDKROOT = macosx;
			};
			name = Release;
		};
		5781AFB425A2B773007A1009 /* Debug */ = {
			isa = XCBuildConfiguration;
			buildSettings = {
				ASSETCATALOG_COMPILER_APPICON_NAME = AppIcon;
				ASSETCATALOG_COMPILER_GLOBAL_ACCENT_COLOR_NAME = AccentColor;
				CODE_SIGN_ENTITLEMENTS = MultipleWindows/MultipleWindows.entitlements;
				CODE_SIGN_STYLE = Automatic;
				COMBINE_HIDPI_IMAGES = YES;
				INFOPLIST_FILE = MultipleWindows/Info.plist;
				LD_RUNPATH_SEARCH_PATHS = (
					"$(inherited)",
					"@executable_path/../Frameworks",
				);
				PRODUCT_BUNDLE_IDENTIFIER = com.angieMita.MultipleWindows;
				PRODUCT_NAME = "$(TARGET_NAME)";
			};
			name = Debug;
		};
		5781AFB525A2B773007A1009 /* Release */ = {
			isa = XCBuildConfiguration;
			buildSettings = {
				ASSETCATALOG_COMPILER_APPICON_NAME = AppIcon;
				ASSETCATALOG_COMPILER_GLOBAL_ACCENT_COLOR_NAME = AccentColor;
				CODE_SIGN_ENTITLEMENTS = MultipleWindows/MultipleWindows.entitlements;
				CODE_SIGN_STYLE = Automatic;
				COMBINE_HIDPI_IMAGES = YES;
				INFOPLIST_FILE = MultipleWindows/Info.plist;
				LD_RUNPATH_SEARCH_PATHS = (
					"$(inherited)",
					"@executable_path/../Frameworks",
				);
				PRODUCT_BUNDLE_IDENTIFIER = com.angieMita.MultipleWindows;
				PRODUCT_NAME = "$(TARGET_NAME)";
			};
			name = Release;
		};
/* End XCBuildConfiguration section */

/* Begin XCConfigurationList section */
		5781AF9D25A2B771007A1009 /* Build configuration list for PBXProject "MultipleWindows" */ = {
			isa = XCConfigurationList;
			buildConfigurations = (
				5781AFB125A2B773007A1009 /* Debug */,
				5781AFB225A2B773007A1009 /* Release */,
			);
			defaultConfigurationIsVisible = 0;
			defaultConfigurationName = Release;
		};
		5781AFB325A2B773007A1009 /* Build configuration list for PBXNativeTarget "MultipleWindows" */ = {
			isa = XCConfigurationList;
			buildConfigurations = (
				5781AFB425A2B773007A1009 /* Debug */,
				5781AFB525A2B773007A1009 /* Release */,
			);
			defaultConfigurationIsVisible = 0;
			defaultConfigurationName = Release;
		};
/* End XCConfigurationList section */
	};
	rootObject = 5781AF9A25A2B771007A1009 /* Project object */;
}
